
Microsoft Visual Studio Solution File, Format Version 12.00
# Visual Studio Version 16
VisualStudioVersion = 16.0.31402.337
MinimumVisualStudioVersion = 10.0.40219.1
Project("{FAE04EC0-301F-11D3-BF4B-00C04F79EFBC}") = "senai_projmed_webApi", "senai_projmed_webApi\senai_projmed_webApi.csproj", "{97B13D70-919F-4299-9CF7-8EA5FDD57A7C}"
EndProject
Global
	GlobalSection(SolutionConfigurationPlatforms) = preSolution
		Debug|Any CPU = Debug|Any CPU
		Release|Any CPU = Release|Any CPU
	EndGlobalSection
	GlobalSection(ProjectConfigurationPlatforms) = postSolution
		{97B13D70-919F-4299-9CF7-8EA5FDD57A7C}.Debug|Any CPU.ActiveCfg = Debug|Any CPU
		{97B13D70-919F-4299-9CF7-8EA5FDD57A7C}.Debug|Any CPU.Build.0 = Debug|Any CPU
		{97B13D70-919F-4299-9CF7-8EA5FDD57A7C}.Release|Any CPU.ActiveCfg = Release|Any CPU
		{97B13D70-919F-4299-9CF7-8EA5FDD57A7C}.Release|Any CPU.Build.0 = Release|Any CPU
	EndGlobalSection
	GlobalSection(SolutionProperties) = preSolution
		HideSolutionNode = FALSE
	EndGlobalSection
	GlobalSection(ExtensibilityGlobals) = postSolution
		SolutionGuid = {6063C8B8-85B8-4A07-B168-DCA7B3FA18A9}
	EndGlobalSection
EndGlobal
